
Microsoft Visual Studio Solution File, Format Version 12.00
# Visual Studio Version 16
VisualStudioVersion = 16.0.29613.14
MinimumVisualStudioVersion = 10.0.40219.1
Project("{FAE04EC0-301F-11D3-BF4B-00C04F79EFBC}") = "Gra Snake", "Gra Snake.csproj", "{DE717451-B550-423F-9D1D-D35D19A96AF8}"
EndProject
Project("{FAE04EC0-301F-11D3-BF4B-00C04F79EFBC}") = "testMOD1", "C:\Users\przemek\source\repos\testMOD1\testMOD1.csproj", "{7D1A7C12-20F5-4633-BB6F-7B7A96EC605E}"
EndProject
Project("{FAE04EC0-301F-11D3-BF4B-00C04F79EFBC}") = "testMOD2", "C:\Users\przemek\source\repos\testMOD2\testMOD2.csproj", "{AD07380C-AEF7-428C-9BF2-A57C660587AF}"
EndProject
Global
	GlobalSection(SolutionConfigurationPlatforms) = preSolution
		Debug|Any CPU = Debug|Any CPU
		Release|Any CPU = Release|Any CPU
	EndGlobalSection
	GlobalSection(ProjectConfigurationPlatforms) = postSolution
		{DE717451-B550-423F-9D1D-D35D19A96AF8}.Debug|Any CPU.ActiveCfg = Debug|Any CPU
		{DE717451-B550-423F-9D1D-D35D19A96AF8}.Debug|Any CPU.Build.0 = Debug|Any CPU
		{DE717451-B550-423F-9D1D-D35D19A96AF8}.Release|Any CPU.ActiveCfg = Release|Any CPU
		{DE717451-B550-423F-9D1D-D35D19A96AF8}.Release|Any CPU.Build.0 = Release|Any CPU
		{7D1A7C12-20F5-4633-BB6F-7B7A96EC605E}.Debug|Any CPU.ActiveCfg = Debug|Any CPU
		{7D1A7C12-20F5-4633-BB6F-7B7A96EC605E}.Debug|Any CPU.Build.0 = Debug|Any CPU
		{7D1A7C12-20F5-4633-BB6F-7B7A96EC605E}.Release|Any CPU.ActiveCfg = Release|Any CPU
		{7D1A7C12-20F5-4633-BB6F-7B7A96EC605E}.Release|Any CPU.Build.0 = Release|Any CPU
		{AD07380C-AEF7-428C-9BF2-A57C660587AF}.Debug|Any CPU.ActiveCfg = Debug|Any CPU
		{AD07380C-AEF7-428C-9BF2-A57C660587AF}.Debug|Any CPU.Build.0 = Debug|Any CPU
		{AD07380C-AEF7-428C-9BF2-A57C660587AF}.Release|Any CPU.ActiveCfg = Release|Any CPU
		{AD07380C-AEF7-428C-9BF2-A57C660587AF}.Release|Any CPU.Build.0 = Release|Any CPU
	EndGlobalSection
	GlobalSection(SolutionProperties) = preSolution
		HideSolutionNode = FALSE
	EndGlobalSection
	GlobalSection(ExtensibilityGlobals) = postSolution
		SolutionGuid = {DC39F863-42BE-4216-A436-8204F970D04D}
	EndGlobalSection
EndGlobal
